
Microsoft Visual Studio Solution File, Format Version 12.00
# Visual Studio Version 17
VisualStudioVersion = 17.3.32901.215
MinimumVisualStudioVersion = 10.0.40219.1
Project("{FAE04EC0-301F-11D3-BF4B-00C04F79EFBC}") = "HelloWorld", "HelloWorld\HelloWorld.csproj", "{3BD6010F-75B8-4B43-B06A-CDFD7EF2FD1B}"
EndProject
Global
	GlobalSection(SolutionConfigurationPlatforms) = preSolution
		Debug|Any CPU = Debug|Any CPU
		Release|Any CPU = Release|Any CPU
	EndGlobalSection
	GlobalSection(ProjectConfigurationPlatforms) = postSolution
		{3BD6010F-75B8-4B43-B06A-CDFD7EF2FD1B}.Debug|Any CPU.ActiveCfg = Debug|Any CPU
		{3BD6010F-75B8-4B43-B06A-CDFD7EF2FD1B}.Debug|Any CPU.Build.0 = Debug|Any CPU
		{3BD6010F-75B8-4B43-B06A-CDFD7EF2FD1B}.Release|Any CPU.ActiveCfg = Release|Any CPU
		{3BD6010F-75B8-4B43-B06A-CDFD7EF2FD1B}.Release|Any CPU.Build.0 = Release|Any CPU
	EndGlobalSection
	GlobalSection(SolutionProperties) = preSolution
		HideSolutionNode = FALSE
	EndGlobalSection
	GlobalSection(ExtensibilityGlobals) = postSolution
		SolutionGuid = {DADF9D9E-3AEB-4814-83FC-6C9F916116B2}
	EndGlobalSection
EndGlobal
